{
  "requires": true,
  "lockfileVersion": 1,
  "dependencies": {
    "foodweb": {
      "version": "1.0.0",
      "resolved": "https://registry.npmjs.org/foodweb/-/foodweb-1.0.0.tgz",
      "integrity": "sha512-S3X60GtOfYrHSb9qlps9AJTd/VMwyJzz0b5Av4Pfa8Kjk1Xy+20El3tKcU8HeGj5W1wuvhbN59T+t1tBomodRw==",
      "requires": {
        "lunr": "^2.1.6"
      }
    },
    "lunr": {
      "version": "2.3.8",
      "resolved": "https://registry.npmjs.org/lunr/-/lunr-2.3.8.tgz",
      "integrity": "sha512-oxMeX/Y35PNFuZoHp+jUj5OSEmLCaIH4KTFJh7a93cHBoFmpw2IoPs22VIz7vyO2YUnx2Tn9dzIwO2P/4quIRg=="
    }
  }
}
